// !$*UTF8*$!
{
	archiveVersion = 1;
	classes = {
	};
	objectVersion = 50;
	objects = {

/* Begin PBXBuildFile section */
		709FEDFC22A90390004B6195 /* FrontViewController.swift in Sources */ = {isa = PBXBuildFile; fileRef = 709FEDFB22A90390004B6195 /* FrontViewController.swift */; };
		70E855F522A64747002B4D96 /* AppDelegate.swift in Sources */ = {isa = PBXBuildFile; fileRef = 70E855F422A64747002B4D96 /* AppDelegate.swift */; };
		70E855F722A64747002B4D96 /* ViewController.swift in Sources */ = {isa = PBXBuildFile; fileRef = 70E855F622A64747002B4D96 /* ViewController.swift */; };
		70E855FA22A64747002B4D96 /* Main.storyboard in Resources */ = {isa = PBXBuildFile; fileRef = 70E855F822A64747002B4D96 /* Main.storyboard */; };
		70E855FC22A64749002B4D96 /* Assets.xcassets in Resources */ = {isa = PBXBuildFile; fileRef = 70E855FB22A64749002B4D96 /* Assets.xcassets */; };
		70E855FF22A64749002B4D96 /* LaunchScreen.storyboard in Resources */ = {isa = PBXBuildFile; fileRef = 70E855FD22A64749002B4D96 /* LaunchScreen.storyboard */; };
		70E8560A22A64749002B4D96 /* PracticeQuizTests.swift in Sources */ = {isa = PBXBuildFile; fileRef = 70E8560922A64749002B4D96 /* PracticeQuizTests.swift */; };
		70E8561522A64749002B4D96 /* PracticeQuizUITests.swift in Sources */ = {isa = PBXBuildFile; fileRef = 70E8561422A64749002B4D96 /* PracticeQuizUITests.swift */; };
		70E8562322A647C1002B4D96 /* QuizViewController.swift in Sources */ = {isa = PBXBuildFile; fileRef = 70E8562222A647C1002B4D96 /* QuizViewController.swift */; };
		70E8562822A64BFD002B4D96 /* Question.swift in Sources */ = {isa = PBXBuildFile; fileRef = 70E8562722A64BFD002B4D96 /* Question.swift */; };
		70E8562A22A65128002B4D96 /* QuestionList.swift in Sources */ = {isa = PBXBuildFile; fileRef = 70E8562922A65128002B4D96 /* QuestionList.swift */; };
/* End PBXBuildFile section */

/* Begin PBXContainerItemProxy section */
		70E8560622A64749002B4D96 /* PBXContainerItemProxy */ = {
			isa = PBXContainerItemProxy;
			containerPortal = 70E855E922A64746002B4D96 /* Project object */;
			proxyType = 1;
			remoteGlobalIDString = 70E855F022A64747002B4D96;
			remoteInfo = PracticeQuiz;
		};
		70E8561122A64749002B4D96 /* PBXContainerItemProxy */ = {
			isa = PBXContainerItemProxy;
			containerPortal = 70E855E922A64746002B4D96 /* Project object */;
			proxyType = 1;
			remoteGlobalIDString = 70E855F022A64747002B4D96;
			remoteInfo = PracticeQuiz;
		};
/* End PBXContainerItemProxy section */

/* Begin PBXFileReference section */
		709FEDFB22A90390004B6195 /* FrontViewController.swift */ = {isa = PBXFileReference; lastKnownFileType = sourcecode.swift; path = FrontViewController.swift; sourceTree = "<group>"; };
		70E855F122A64747002B4D96 /* PracticeQuiz.app */ = {isa = PBXFileReference; explicitFileType = wrapper.application; includeInIndex = 0; path = PracticeQuiz.app; sourceTree = BUILT_PRODUCTS_DIR; };
		70E855F422A64747002B4D96 /* AppDelegate.swift */ = {isa = PBXFileReference; lastKnownFileType = sourcecode.swift; path = AppDelegate.swift; sourceTree = "<group>"; };
		70E855F622A64747002B4D96 /* ViewController.swift */ = {isa = PBXFileReference; lastKnownFileType = sourcecode.swift; path = ViewController.swift; sourceTree = "<group>"; };
		70E855F922A64747002B4D96 /* Base */ = {isa = PBXFileReference; lastKnownFileType = file.storyboard; name = Base; path = Base.lproj/Main.storyboard; sourceTree = "<group>"; };
		70E855FB22A64749002B4D96 /* Assets.xcassets */ = {isa = PBXFileReference; lastKnownFileType = folder.assetcatalog; path = Assets.xcassets; sourceTree = "<group>"; };
		70E855FE22A64749002B4D96 /* Base */ = {isa = PBXFileReference; lastKnownFileType = file.storyboard; name = Base; path = Base.lproj/LaunchScreen.storyboard; sourceTree = "<group>"; };
		70E8560022A64749002B4D96 /* Info.plist */ = {isa = PBXFileReference; lastKnownFileType = text.plist.xml; path = Info.plist; sourceTree = "<group>"; };
		70E8560522A64749002B4D96 /* PracticeQuizTests.xctest */ = {isa = PBXFileReference; explicitFileType = wrapper.cfbundle; includeInIndex = 0; path = PracticeQuizTests.xctest; sourceTree = BUILT_PRODUCTS_DIR; };
		70E8560922A64749002B4D96 /* PracticeQuizTests.swift */ = {isa = PBXFileReference; lastKnownFileType = sourcecode.swift; path = PracticeQuizTests.swift; sourceTree = "<group>"; };
		70E8560B22A64749002B4D96 /* Info.plist */ = {isa = PBXFileReference; lastKnownFileType = text.plist.xml; path = Info.plist; sourceTree = "<group>"; };
		70E8561022A64749002B4D96 /* PracticeQuizUITests.xctest */ = {isa = PBXFileReference; explicitFileType = wrapper.cfbundle; includeInIndex = 0; path = PracticeQuizUITests.xctest; sourceTree = BUILT_PRODUCTS_DIR; };
		70E8561422A64749002B4D96 /* PracticeQuizUITests.swift */ = {isa = PBXFileReference; lastKnownFileType = sourcecode.swift; path = PracticeQuizUITests.swift; sourceTree = "<group>"; };
		70E8561622A64749002B4D96 /* Info.plist */ = {isa = PBXFileReference; lastKnownFileType = text.plist.xml; path = Info.plist; sourceTree = "<group>"; };
		70E8562222A647C1002B4D96 /* QuizViewController.swift */ = {isa = PBXFileReference; lastKnownFileType = sourcecode.swift; path = QuizViewController.swift; sourceTree = "<group>"; };
		70E8562722A64BFD002B4D96 /* Question.swift */ = {isa = PBXFileReference; lastKnownFileType = sourcecode.swift; path = Question.swift; sourceTree = "<group>"; };
		70E8562922A65128002B4D96 /* QuestionList.swift */ = {isa = PBXFileReference; lastKnownFileType = sourcecode.swift; path = QuestionList.swift; sourceTree = "<group>"; };
/* End PBXFileReference section */

/* Begin PBXFrameworksBuildPhase section */
		70E855EE22A64747002B4D96 /* Frameworks */ = {
			isa = PBXFrameworksBuildPhase;
			buildActionMask = 2147483647;
			files = (
			);
			runOnlyForDeploymentPostprocessing = 0;
		};
		70E8560222A64749002B4D96 /* Frameworks */ = {
			isa = PBXFrameworksBuildPhase;
			buildActionMask = 2147483647;
			files = (
			);
			runOnlyForDeploymentPostprocessing = 0;
		};
		70E8560D22A64749002B4D96 /* Frameworks */ = {
			isa = PBXFrameworksBuildPhase;
			buildActionMask = 2147483647;
			files = (
			);
			runOnlyForDeploymentPostprocessing = 0;
		};
/* End PBXFrameworksBuildPhase section */

/* Begin PBXGroup section */
		70E855E822A64746002B4D96 = {
			isa = PBXGroup;
			children = (
				70E855F322A64747002B4D96 /* PracticeQuiz */,
				70E8560822A64749002B4D96 /* PracticeQuizTests */,
				70E8561322A64749002B4D96 /* PracticeQuizUITests */,
				70E855F222A64747002B4D96 /* Products */,
			);
			sourceTree = "<group>";
		};
		70E855F222A64747002B4D96 /* Products */ = {
			isa = PBXGroup;
			children = (
				70E855F122A64747002B4D96 /* PracticeQuiz.app */,
				70E8560522A64749002B4D96 /* PracticeQuizTests.xctest */,
				70E8561022A64749002B4D96 /* PracticeQuizUITests.xctest */,
			);
			name = Products;
			sourceTree = "<group>";
		};
		70E855F322A64747002B4D96 /* PracticeQuiz */ = {
			isa = PBXGroup;
			children = (
				70E8562622A647D6002B4D96 /* Controller */,
				70E8562522A647CE002B4D96 /* View */,
				70E8562422A647C7002B4D96 /* Model */,
				70E855F422A64747002B4D96 /* AppDelegate.swift */,
				70E855F622A64747002B4D96 /* ViewController.swift */,
				70E855F822A64747002B4D96 /* Main.storyboard */,
				70E855FB22A64749002B4D96 /* Assets.xcassets */,
				70E855FD22A64749002B4D96 /* LaunchScreen.storyboard */,
				70E8560022A64749002B4D96 /* Info.plist */,
			);
			path = PracticeQuiz;
			sourceTree = "<group>";
		};
		70E8560822A64749002B4D96 /* PracticeQuizTests */ = {
			isa = PBXGroup;
			children = (
				70E8560922A64749002B4D96 /* PracticeQuizTests.swift */,
				70E8560B22A64749002B4D96 /* Info.plist */,
			);
			path = PracticeQuizTests;
			sourceTree = "<group>";
		};
		70E8561322A64749002B4D96 /* PracticeQuizUITests */ = {
			isa = PBXGroup;
			children = (
				70E8561422A64749002B4D96 /* PracticeQuizUITests.swift */,
				70E8561622A64749002B4D96 /* Info.plist */,
			);
			path = PracticeQuizUITests;
			sourceTree = "<group>";
		};
		70E8562422A647C7002B4D96 /* Model */ = {
			isa = PBXGroup;
			children = (
				70E8562722A64BFD002B4D96 /* Question.swift */,
				70E8562922A65128002B4D96 /* QuestionList.swift */,
			);
			path = Model;
			sourceTree = "<group>";
		};
		70E8562522A647CE002B4D96 /* View */ = {
			isa = PBXGroup;
			children = (
			);
			path = View;
			sourceTree = "<group>";
		};
		70E8562622A647D6002B4D96 /* Controller */ = {
			isa = PBXGroup;
			children = (
				70E8562222A647C1002B4D96 /* QuizViewController.swift */,
				709FEDFB22A90390004B6195 /* FrontViewController.swift */,
			);
			path = Controller;
			sourceTree = "<group>";
		};
/* End PBXGroup section */

/* Begin PBXNativeTarget section */
		70E855F022A64747002B4D96 /* PracticeQuiz */ = {
			isa = PBXNativeTarget;
			buildConfigurationList = 70E8561922A64749002B4D96 /* Build configuration list for PBXNativeTarget "PracticeQuiz" */;
			buildPhases = (
				70E855ED22A64747002B4D96 /* Sources */,
				70E855EE22A64747002B4D96 /* Frameworks */,
				70E855EF22A64747002B4D96 /* Resources */,
			);
			buildRules = (
			);
			dependencies = (
			);
			name = PracticeQuiz;
			productName = PracticeQuiz;
			productReference = 70E855F122A64747002B4D96 /* PracticeQuiz.app */;
			productType = "com.apple.product-type.application";
		};
		70E8560422A64749002B4D96 /* PracticeQuizTests */ = {
			isa = PBXNativeTarget;
			buildConfigurationList = 70E8561C22A64749002B4D96 /* Build configuration list for PBXNativeTarget "PracticeQuizTests" */;
			buildPhases = (
				70E8560122A64749002B4D96 /* Sources */,
				70E8560222A64749002B4D96 /* Frameworks */,
				70E8560322A64749002B4D96 /* Resources */,
			);
			buildRules = (
			);
			dependencies = (
				70E8560722A64749002B4D96 /* PBXTargetDependency */,
			);
			name = PracticeQuizTests;
			productName = PracticeQuizTests;
			productReference = 70E8560522A64749002B4D96 /* PracticeQuizTests.xctest */;
			productType = "com.apple.product-type.bundle.unit-test";
		};
		70E8560F22A64749002B4D96 /* PracticeQuizUITests */ = {
			isa = PBXNativeTarget;
			buildConfigurationList = 70E8561F22A64749002B4D96 /* Build configuration list for PBXNativeTarget "PracticeQuizUITests" */;
			buildPhases = (
				70E8560C22A64749002B4D96 /* Sources */,
				70E8560D22A64749002B4D96 /* Frameworks */,
				70E8560E22A64749002B4D96 /* Resources */,
			);
			buildRules = (
			);
			dependencies = (
				70E8561222A64749002B4D96 /* PBXTargetDependency */,
			);
			name = PracticeQuizUITests;
			productName = PracticeQuizUITests;
			productReference = 70E8561022A64749002B4D96 /* PracticeQuizUITests.xctest */;
			productType = "com.apple.product-type.bundle.ui-testing";
		};
/* End PBXNativeTarget section */

/* Begin PBXProject section */
		70E855E922A64746002B4D96 /* Project object */ = {
			isa = PBXProject;
			attributes = {
				LastSwiftUpdateCheck = 1020;
				LastUpgradeCheck = 1020;
				ORGANIZATIONNAME = "Dariga Akhmetova";
				TargetAttributes = {
					70E855F022A64747002B4D96 = {
						CreatedOnToolsVersion = 10.2.1;
					};
					70E8560422A64749002B4D96 = {
						CreatedOnToolsVersion = 10.2.1;
						TestTargetID = 70E855F022A64747002B4D96;
					};
					70E8560F22A64749002B4D96 = {
						CreatedOnToolsVersion = 10.2.1;
						TestTargetID = 70E855F022A64747002B4D96;
					};
				};
			};
			buildConfigurationList = 70E855EC22A64746002B4D96 /* Build configuration list for PBXProject "PracticeQuiz" */;
			compatibilityVersion = "Xcode 9.3";
			developmentRegion = en;
			hasScannedForEncodings = 0;
			knownRegions = (
				en,
				Base,
			);
			mainGroup = 70E855E822A64746002B4D96;
			productRefGroup = 70E855F222A64747002B4D96 /* Products */;
			projectDirPath = "";
			projectRoot = "";
			targets = (
				70E855F022A64747002B4D96 /* PracticeQuiz */,
				70E8560422A64749002B4D96 /* PracticeQuizTests */,
				70E8560F22A64749002B4D96 /* PracticeQuizUITests */,
			);
		};
/* End PBXProject section */

/* Begin PBXResourcesBuildPhase section */
		70E855EF22A64747002B4D96 /* Resources */ = {
			isa = PBXResourcesBuildPhase;
			buildActionMask = 2147483647;
			files = (
				70E855FF22A64749002B4D96 /* LaunchScreen.storyboard in Resources */,
				70E855FC22A64749002B4D96 /* Assets.xcassets in Resources */,
				70E855FA22A64747002B4D96 /* Main.storyboard in Resources */,
			);
			runOnlyForDeploymentPostprocessing = 0;
		};
		70E8560322A64749002B4D96 /* Resources */ = {
			isa = PBXResourcesBuildPhase;
			buildActionMask = 2147483647;
			files = (
			);
			runOnlyForDeploymentPostprocessing = 0;
		};
		70E8560E22A64749002B4D96 /* Resources */ = {
			isa = PBXResourcesBuildPhase;
			buildActionMask = 2147483647;
			files = (
			);
			runOnlyForDeploymentPostprocessing = 0;
		};
/* End PBXResourcesBuildPhase section */

/* Begin PBXSourcesBuildPhase section */
		70E855ED22A64747002B4D96 /* Sources */ = {
			isa = PBXSourcesBuildPhase;
			buildActionMask = 2147483647;
			files = (
				709FEDFC22A90390004B6195 /* FrontViewController.swift in Sources */,
				70E8562322A647C1002B4D96 /* QuizViewController.swift in Sources */,
				70E8562822A64BFD002B4D96 /* Question.swift in Sources */,
				70E8562A22A65128002B4D96 /* QuestionList.swift in Sources */,
				70E855F722A64747002B4D96 /* ViewController.swift in Sources */,
				70E855F522A64747002B4D96 /* AppDelegate.swift in Sources */,
			);
			runOnlyForDeploymentPostprocessing = 0;
		};
		70E8560122A64749002B4D96 /* Sources */ = {
			isa = PBXSourcesBuildPhase;
			buildActionMask = 2147483647;
			files = (
				70E8560A22A64749002B4D96 /* PracticeQuizTests.swift in Sources */,
			);
			runOnlyForDeploymentPostprocessing = 0;
		};
		70E8560C22A64749002B4D96 /* Sources */ = {
			isa = PBXSourcesBuildPhase;
			buildActionMask = 2147483647;
			files = (
				70E8561522A64749002B4D96 /* PracticeQuizUITests.swift in Sources */,
			);
			runOnlyForDeploymentPostprocessing = 0;
		};
/* End PBXSourcesBuildPhase section */

/* Begin PBXTargetDependency section */
		70E8560722A64749002B4D96 /* PBXTargetDependency */ = {
			isa = PBXTargetDependency;
			target = 70E855F022A64747002B4D96 /* PracticeQuiz */;
			targetProxy = 70E8560622A64749002B4D96 /* PBXContainerItemProxy */;
		};
		70E8561222A64749002B4D96 /* PBXTargetDependency */ = {
			isa = PBXTargetDependency;
			target = 70E855F022A64747002B4D96 /* PracticeQuiz */;
			targetProxy = 70E8561122A64749002B4D96 /* PBXContainerItemProxy */;
		};
/* End PBXTargetDependency section */

/* Begin PBXVariantGroup section */
		70E855F822A64747002B4D96 /* Main.storyboard */ = {
			isa = PBXVariantGroup;
			children = (
				70E855F922A64747002B4D96 /* Base */,
			);
			name = Main.storyboard;
			sourceTree = "<group>";
		};
		70E855FD22A64749002B4D96 /* LaunchScreen.storyboard */ = {
			isa = PBXVariantGroup;
			children = (
				70E855FE22A64749002B4D96 /* Base */,
			);
			name = LaunchScreen.storyboard;
			sourceTree = "<group>";
		};
/* End PBXVariantGroup section */

/* Begin XCBuildConfiguration section */
		70E8561722A64749002B4D96 /* Debug */ = {
			isa = XCBuildConfiguration;
			buildSettings = {
				ALWAYS_SEARCH_USER_PATHS = NO;
				CLANG_ANALYZER_NONNULL = YES;
				CLANG_ANALYZER_NUMBER_OBJECT_CONVERSION = YES_AGGRESSIVE;
				CLANG_CXX_LANGUAGE_STANDARD = "gnu++14";
				CLANG_CXX_LIBRARY = "libc++";
				CLANG_ENABLE_MODULES = YES;
				CLANG_ENABLE_OBJC_ARC = YES;
				CLANG_ENABLE_OBJC_WEAK = YES;
				CLANG_WARN_BLOCK_CAPTURE_AUTORELEASING = YES;
				CLANG_WARN_BOOL_CONVERSION = YES;
				CLANG_WARN_COMMA = YES;
				CLANG_WARN_CONSTANT_CONVERSION = YES;
				CLANG_WARN_DEPRECATED_OBJC_IMPLEMENTATIONS = YES;
				CLANG_WARN_DIRECT_OBJC_ISA_USAGE = YES_ERROR;
				CLANG_WARN_DOCUMENTATION_COMMENTS = YES;
				CLANG_WARN_EMPTY_BODY = YES;
				CLANG_WARN_ENUM_CONVERSION = YES;
				CLANG_WARN_INFINITE_RECURSION = YES;
				CLANG_WARN_INT_CONVERSION = YES;
				CLANG_WARN_NON_LITERAL_NULL_CONVERSION = YES;
				CLANG_WARN_OBJC_IMPLICIT_RETAIN_SELF = YES;
				CLANG_WARN_OBJC_LITERAL_CONVERSION = YES;
				CLANG_WARN_OBJC_ROOT_CLASS = YES_ERROR;
				CLANG_WARN_RANGE_LOOP_ANALYSIS = YES;
				CLANG_WARN_STRICT_PROTOTYPES = YES;
				CLANG_WARN_SUSPICIOUS_MOVE = YES;
				CLANG_WARN_UNGUARDED_AVAILABILITY = YES_AGGRESSIVE;
				CLANG_WARN_UNREACHABLE_CODE = YES;
				CLANG_WARN__DUPLICATE_METHOD_MATCH = YES;
				CODE_SIGN_IDENTITY = "iPhone Developer";
				COPY_PHASE_STRIP = NO;
				DEBUG_INFORMATION_FORMAT = dwarf;
				ENABLE_STRICT_OBJC_MSGSEND = YES;
				ENABLE_TESTABILITY = YES;
				GCC_C_LANGUAGE_STANDARD = gnu11;
				GCC_DYNAMIC_NO_PIC = NO;
				GCC_NO_COMMON_BLOCKS = YES;
				GCC_OPTIMIZATION_LEVEL = 0;
				GCC_PREPROCESSOR_DEFINITIONS = (
					"DEBUG=1",
					"$(inherited)",
				);
				GCC_WARN_64_TO_32_BIT_CONVERSION = YES;
				GCC_WARN_ABOUT_RETURN_TYPE = YES_ERROR;
				GCC_WARN_UNDECLARED_SELECTOR = YES;
				GCC_WARN_UNINITIALIZED_AUTOS = YES_AGGRESSIVE;
				GCC_WARN_UNUSED_FUNCTION = YES;
				GCC_WARN_UNUSED_VARIABLE = YES;
				IPHONEOS_DEPLOYMENT_TARGET = 12.2;
				MTL_ENABLE_DEBUG_INFO = INCLUDE_SOURCE;
				MTL_FAST_MATH = YES;
				ONLY_ACTIVE_ARCH = YES;
				SDKROOT = iphoneos;
				SWIFT_ACTIVE_COMPILATION_CONDITIONS = DEBUG;
				SWIFT_OPTIMIZATION_LEVEL = "-Onone";
			};
			name = Debug;
		};
		70E8561822A64749002B4D96 /* Release */ = {
			isa = XCBuildConfiguration;
			buildSettings = {
				ALWAYS_SEARCH_USER_PATHS = NO;
				CLANG_ANALYZER_NONNULL = YES;
				CLANG_ANALYZER_NUMBER_OBJECT_CONVERSION = YES_AGGRESSIVE;
				CLANG_CXX_LANGUAGE_STANDARD = "gnu++14";
				CLANG_CXX_LIBRARY = "libc++";
				CLANG_ENABLE_MODULES = YES;
				CLANG_ENABLE_OBJC_ARC = YES;
				CLANG_ENABLE_OBJC_WEAK = YES;
				CLANG_WARN_BLOCK_CAPTURE_AUTORELEASING = YES;
				CLANG_WARN_BOOL_CONVERSION = YES;
				CLANG_WARN_COMMA = YES;
				CLANG_WARN_CONSTANT_CONVERSION = YES;
				CLANG_WARN_DEPRECATED_OBJC_IMPLEMENTATIONS = YES;
				CLANG_WARN_DIRECT_OBJC_ISA_USAGE = YES_ERROR;
				CLANG_WARN_DOCUMENTATION_COMMENTS = YES;
				CLANG_WARN_EMPTY_BODY = YES;
				CLANG_WARN_ENUM_CONVERSION = YES;
				CLANG_WARN_INFINITE_RECURSION = YES;
				CLANG_WARN_INT_CONVERSION = YES;
				CLANG_WARN_NON_LITERAL_NULL_CONVERSION = YES;
				CLANG_WARN_OBJC_IMPLICIT_RETAIN_SELF = YES;
				CLANG_WARN_OBJC_LITERAL_CONVERSION = YES;
				CLANG_WARN_OBJC_ROOT_CLASS = YES_ERROR;
				CLANG_WARN_RANGE_LOOP_ANALYSIS = YES;
				CLANG_WARN_STRICT_PROTOTYPES = YES;
				CLANG_WARN_SUSPICIOUS_MOVE = YES;
				CLANG_WARN_UNGUARDED_AVAILABILITY = YES_AGGRESSIVE;
				CLANG_WARN_UNREACHABLE_CODE = YES;
				CLANG_WARN__DUPLICATE_METHOD_MATCH = YES;
				CODE_SIGN_IDENTITY = "iPhone Developer";
				COPY_PHASE_STRIP = NO;
				DEBUG_INFORMATION_FORMAT = "dwarf-with-dsym";
				ENABLE_NS_ASSERTIONS = NO;
				ENABLE_STRICT_OBJC_MSGSEND = YES;
				GCC_C_LANGUAGE_STANDARD = gnu11;
				GCC_NO_COMMON_BLOCKS = YES;
				GCC_WARN_64_TO_32_BIT_CONVERSION = YES;
				GCC_WARN_ABOUT_RETURN_TYPE = YES_ERROR;
				GCC_WARN_UNDECLARED_SELECTOR = YES;
				GCC_WARN_UNINITIALIZED_AUTOS = YES_AGGRESSIVE;
				GCC_WARN_UNUSED_FUNCTION = YES;
				GCC_WARN_UNUSED_VARIABLE = YES;
				IPHONEOS_DEPLOYMENT_TARGET = 12.2;
				MTL_ENABLE_DEBUG_INFO = NO;
				MTL_FAST_MATH = YES;
				SDKROOT = iphoneos;
				SWIFT_COMPILATION_MODE = wholemodule;
				SWIFT_OPTIMIZATION_LEVEL = "-O";
				VALIDATE_PRODUCT = YES;
			};
			name = Release;
		};
		70E8561A22A64749002B4D96 /* Debug */ = {
			isa = XCBuildConfiguration;
			buildSettings = {
				ASSETCATALOG_COMPILER_APPICON_NAME = AppIcon;
				CODE_SIGN_STYLE = Automatic;
				DEVELOPMENT_TEAM = SP5X42WRR9;
				INFOPLIST_FILE = PracticeQuiz/Info.plist;
				LD_RUNPATH_SEARCH_PATHS = (
					"$(inherited)",
					"@executable_path/Frameworks",
				);
				PRODUCT_BUNDLE_IDENTIFIER = Darigummy.PracticeQuiz;
				PRODUCT_NAME = "$(TARGET_NAME)";
				SWIFT_VERSION = 5.0;
				TARGETED_DEVICE_FAMILY = "1,2";
			};
			name = Debug;
		};
		70E8561B22A64749002B4D96 /* Release */ = {
			isa = XCBuildConfiguration;
			buildSettings = {
				ASSETCATALOG_COMPILER_APPICON_NAME = AppIcon;
				CODE_SIGN_STYLE = Automatic;
				DEVELOPMENT_TEAM = SP5X42WRR9;
				INFOPLIST_FILE = PracticeQuiz/Info.plist;
				LD_RUNPATH_SEARCH_PATHS = (
					"$(inherited)",
					"@executable_path/Frameworks",
				);
				PRODUCT_BUNDLE_IDENTIFIER = Darigummy.PracticeQuiz;
				PRODUCT_NAME = "$(TARGET_NAME)";
				SWIFT_VERSION = 5.0;
				TARGETED_DEVICE_FAMILY = "1,2";
			};
			name = Release;
		};
		70E8561D22A64749002B4D96 /* Debug */ = {
			isa = XCBuildConfiguration;
			buildSettings = {
				ALWAYS_EMBED_SWIFT_STANDARD_LIBRARIES = YES;
				BUNDLE_LOADER = "$(TEST_HOST)";
				CODE_SIGN_STYLE = Automatic;
				DEVELOPMENT_TEAM = SP5X42WRR9;
				INFOPLIST_FILE = PracticeQuizTests/Info.plist;
				LD_RUNPATH_SEARCH_PATHS = (
					"$(inherited)",
					"@executable_path/Frameworks",
					"@loader_path/Frameworks",
				);
				PRODUCT_BUNDLE_IDENTIFIER = Darigummy.PracticeQuizTests;
				PRODUCT_NAME = "$(TARGET_NAME)";
				SWIFT_VERSION = 5.0;
				TARGETED_DEVICE_FAMILY = "1,2";
				TEST_HOST = "$(BUILT_PRODUCTS_DIR)/PracticeQuiz.app/PracticeQuiz";
			};
			name = Debug;
		};
		70E8561E22A64749002B4D96 /* Release */ = {
			isa = XCBuildConfiguration;
			buildSettings = {
				ALWAYS_EMBED_SWIFT_STANDARD_LIBRARIES = YES;
				BUNDLE_LOADER = "$(TEST_HOST)";
				CODE_SIGN_STYLE = Automatic;
				DEVELOPMENT_TEAM = SP5X42WRR9;
				INFOPLIST_FILE = PracticeQuizTests/Info.plist;
				LD_RUNPATH_SEARCH_PATHS = (
					"$(inherited)",
					"@executable_path/Frameworks",
					"@loader_path/Frameworks",
				);
				PRODUCT_BUNDLE_IDENTIFIER = Darigummy.PracticeQuizTests;
				PRODUCT_NAME = "$(TARGET_NAME)";
				SWIFT_VERSION = 5.0;
				TARGETED_DEVICE_FAMILY = "1,2";
				TEST_HOST = "$(BUILT_PRODUCTS_DIR)/PracticeQuiz.app/PracticeQuiz";
			};
			name = Release;
		};
		70E8562022A64749002B4D96 /* Debug */ = {
			isa = XCBuildConfiguration;
			buildSettings = {
				ALWAYS_EMBED_SWIFT_STANDARD_LIBRARIES = YES;
				CODE_SIGN_STYLE = Automatic;
				DEVELOPMENT_TEAM = SP5X42WRR9;
				INFOPLIST_FILE = PracticeQuizUITests/Info.plist;
				LD_RUNPATH_SEARCH_PATHS = (
					"$(inherited)",
					"@executable_path/Frameworks",
					"@loader_path/Frameworks",
				);
				PRODUCT_BUNDLE_IDENTIFIER = Darigummy.PracticeQuizUITests;
				PRODUCT_NAME = "$(TARGET_NAME)";
				SWIFT_VERSION = 5.0;
				TARGETED_DEVICE_FAMILY = "1,2";
				TEST_TARGET_NAME = PracticeQuiz;
			};
			name = Debug;
		};
		70E8562122A64749002B4D96 /* Release */ = {
			isa = XCBuildConfiguration;
			buildSettings = {
				ALWAYS_EMBED_SWIFT_STANDARD_LIBRARIES = YES;
				CODE_SIGN_STYLE = Automatic;
				DEVELOPMENT_TEAM = SP5X42WRR9;
				INFOPLIST_FILE = PracticeQuizUITests/Info.plist;
				LD_RUNPATH_SEARCH_PATHS = (
					"$(inherited)",
					"@executable_path/Frameworks",
					"@loader_path/Frameworks",
				);
				PRODUCT_BUNDLE_IDENTIFIER = Darigummy.PracticeQuizUITests;
				PRODUCT_NAME = "$(TARGET_NAME)";
				SWIFT_VERSION = 5.0;
				TARGETED_DEVICE_FAMILY = "1,2";
				TEST_TARGET_NAME = PracticeQuiz;
			};
			name = Release;
		};
/* End XCBuildConfiguration section */

/* Begin XCConfigurationList section */
		70E855EC22A64746002B4D96 /* Build configuration list for PBXProject "PracticeQuiz" */ = {
			isa = XCConfigurationList;
			buildConfigurations = (
				70E8561722A64749002B4D96 /* Debug */,
				70E8561822A64749002B4D96 /* Release */,
			);
			defaultConfigurationIsVisible = 0;
			defaultConfigurationName = Release;
		};
		70E8561922A64749002B4D96 /* Build configuration list for PBXNativeTarget "PracticeQuiz" */ = {
			isa = XCConfigurationList;
			buildConfigurations = (
				70E8561A22A64749002B4D96 /* Debug */,
				70E8561B22A64749002B4D96 /* Release */,
			);
			defaultConfigurationIsVisible = 0;
			defaultConfigurationName = Release;
		};
		70E8561C22A64749002B4D96 /* Build configuration list for PBXNativeTarget "PracticeQuizTests" */ = {
			isa = XCConfigurationList;
			buildConfigurations = (
				70E8561D22A64749002B4D96 /* Debug */,
				70E8561E22A64749002B4D96 /* Release */,
			);
			defaultConfigurationIsVisible = 0;
			defaultConfigurationName = Release;
		};
		70E8561F22A64749002B4D96 /* Build configuration list for PBXNativeTarget "PracticeQuizUITests" */ = {
			isa = XCConfigurationList;
			buildConfigurations = (
				70E8562022A64749002B4D96 /* Debug */,
				70E8562122A64749002B4D96 /* Release */,
			);
			defaultConfigurationIsVisible = 0;
			defaultConfigurationName = Release;
		};
/* End XCConfigurationList section */
	};
	rootObject = 70E855E922A64746002B4D96 /* Project object */;
}
